// !$*UTF8*$!
{
	archiveVersion = 1;
	classes = {
	};
	objectVersion = 46;
	objects = {

/* Begin PBXBuildFile section */
		6E92656D157B5E88009B22C0 /* UIKit.framework in Frameworks */ = {isa = PBXBuildFile; fileRef = 6E92656C157B5E88009B22C0 /* UIKit.framework */; };
		6E92656F157B5E88009B22C0 /* Foundation.framework in Frameworks */ = {isa = PBXBuildFile; fileRef = 6E92656E157B5E88009B22C0 /* Foundation.framework */; };
		6E926571157B5E88009B22C0 /* CoreGraphics.framework in Frameworks */ = {isa = PBXBuildFile; fileRef = 6E926570157B5E88009B22C0 /* CoreGraphics.framework */; };
		6E92657D157B5E88009B22C0 /* AppDelegate.m in Sources */ = {isa = PBXBuildFile; fileRef = 6E92657C157B5E88009B22C0 /* AppDelegate.m */; };
		6E92658A157B5F75009B22C0 /* egl.m in Sources */ = {isa = PBXBuildFile; fileRef = 6E926585157B5F75009B22C0 /* egl.m */; };
		6E92658B157B5F75009B22C0 /* README in Resources */ = {isa = PBXBuildFile; fileRef = 6E926589157B5F75009B22C0 /* README */; };
/* End PBXBuildFile section */

/* Begin PBXFileReference section */
		6E926568157B5E88009B22C0 /* EGL_ios.app */ = {isa = PBXFileReference; explicitFileType = wrapper.application; includeInIndex = 0; path = EGL_ios.app; sourceTree = BUILT_PRODUCTS_DIR; };
		6E92656C157B5E88009B22C0 /* UIKit.framework */ = {isa = PBXFileReference; lastKnownFileType = wrapper.framework; name = UIKit.framework; path = System/Library/Frameworks/UIKit.framework; sourceTree = SDKROOT; };
		6E92656E157B5E88009B22C0 /* Foundation.framework */ = {isa = PBXFileReference; lastKnownFileType = wrapper.framework; name = Foundation.framework; path = System/Library/Frameworks/Foundation.framework; sourceTree = SDKROOT; };
		6E926570157B5E88009B22C0 /* CoreGraphics.framework */ = {isa = PBXFileReference; lastKnownFileType = wrapper.framework; name = CoreGraphics.framework; path = System/Library/Frameworks/CoreGraphics.framework; sourceTree = SDKROOT; };
		6E926574157B5E88009B22C0 /* EGL_ios-Info.plist */ = {isa = PBXFileReference; lastKnownFileType = text.plist.xml; path = "EGL_ios-Info.plist"; sourceTree = "<group>"; };
		6E92657A157B5E88009B22C0 /* EGL_ios-Prefix.pch */ = {isa = PBXFileReference; lastKnownFileType = sourcecode.c.h; path = "EGL_ios-Prefix.pch"; sourceTree = "<group>"; };
		6E92657B157B5E88009B22C0 /* AppDelegate.h */ = {isa = PBXFileReference; lastKnownFileType = sourcecode.c.h; path = AppDelegate.h; sourceTree = "<group>"; };
		6E92657C157B5E88009B22C0 /* AppDelegate.m */ = {isa = PBXFileReference; lastKnownFileType = sourcecode.c.objc; path = AppDelegate.m; sourceTree = "<group>"; };
		6E926585157B5F75009B22C0 /* egl.m */ = {isa = PBXFileReference; fileEncoding = 4; lastKnownFileType = sourcecode.c.objc; path = egl.m; sourceTree = "<group>"; };
		6E926588157B5F75009B22C0 /* eglplatform.h */ = {isa = PBXFileReference; fileEncoding = 4; lastKnownFileType = sourcecode.c.h; path = eglplatform.h; sourceTree = "<group>"; };
		6E926589157B5F75009B22C0 /* README */ = {isa = PBXFileReference; fileEncoding = 4; lastKnownFileType = text; path = README; sourceTree = "<group>"; };
/* End PBXFileReference section */

/* Begin PBXFrameworksBuildPhase section */
		6E926565157B5E88009B22C0 /* Frameworks */ = {
			isa = PBXFrameworksBuildPhase;
			buildActionMask = 2147483647;
			files = (
				6E92656D157B5E88009B22C0 /* UIKit.framework in Frameworks */,
				6E92656F157B5E88009B22C0 /* Foundation.framework in Frameworks */,
				6E926571157B5E88009B22C0 /* CoreGraphics.framework in Frameworks */,
			);
			runOnlyForDeploymentPostprocessing = 0;
		};
/* End PBXFrameworksBuildPhase section */

/* Begin PBXGroup section */
		6E92655D157B5E88009B22C0 = {
			isa = PBXGroup;
			children = (
				6E926583157B5F75009B22C0 /* EGL_mac_ios */,
				6E926572157B5E88009B22C0 /* EGL_ios */,
				6E92656B157B5E88009B22C0 /* Frameworks */,
				6E926569157B5E88009B22C0 /* Products */,
			);
			sourceTree = "<group>";
		};
		6E926569157B5E88009B22C0 /* Products */ = {
			isa = PBXGroup;
			children = (
				6E926568157B5E88009B22C0 /* EGL_ios.app */,
			);
			name = Products;
			sourceTree = "<group>";
		};
		6E92656B157B5E88009B22C0 /* Frameworks */ = {
			isa = PBXGroup;
			children = (
				6E92656C157B5E88009B22C0 /* UIKit.framework */,
				6E92656E157B5E88009B22C0 /* Foundation.framework */,
				6E926570157B5E88009B22C0 /* CoreGraphics.framework */,
			);
			name = Frameworks;
			sourceTree = "<group>";
		};
		6E926572157B5E88009B22C0 /* EGL_ios */ = {
			isa = PBXGroup;
			children = (
				6E92657B157B5E88009B22C0 /* AppDelegate.h */,
				6E92657C157B5E88009B22C0 /* AppDelegate.m */,
				6E926573157B5E88009B22C0 /* Supporting Files */,
			);
			path = EGL_ios;
			sourceTree = "<group>";
		};
		6E926573157B5E88009B22C0 /* Supporting Files */ = {
			isa = PBXGroup;
			children = (
				6E926574157B5E88009B22C0 /* EGL_ios-Info.plist */,
				6E92657A157B5E88009B22C0 /* EGL_ios-Prefix.pch */,
			);
			name = "Supporting Files";
			sourceTree = "<group>";
		};
		6E926583157B5F75009B22C0 /* EGL_mac_ios */ = {
			isa = PBXGroup;
			children = (
				6E926584157B5F75009B22C0 /* egl_impl */,
				6E926586157B5F75009B22C0 /* include */,
				6E926589157B5F75009B22C0 /* README */,
			);
			path = EGL_mac_ios;
			sourceTree = "<group>";
		};
		6E926584157B5F75009B22C0 /* egl_impl */ = {
			isa = PBXGroup;
			children = (
				6E926585157B5F75009B22C0 /* egl.m */,
			);
			path = egl_impl;
			sourceTree = "<group>";
		};
		6E926586157B5F75009B22C0 /* include */ = {
			isa = PBXGroup;
			children = (
				6E926587157B5F75009B22C0 /* EGL */,
			);
			path = include;
			sourceTree = "<group>";
		};
		6E926587157B5F75009B22C0 /* EGL */ = {
			isa = PBXGroup;
			children = (
				6E926588157B5F75009B22C0 /* eglplatform.h */,
			);
			path = EGL;
			sourceTree = "<group>";
		};
/* End PBXGroup section */

/* Begin PBXNativeTarget section */
		6E926567157B5E88009B22C0 /* EGL_ios */ = {
			isa = PBXNativeTarget;
			buildConfigurationList = 6E926580157B5E88009B22C0 /* Build configuration list for PBXNativeTarget "EGL_ios" */;
			buildPhases = (
				6E926564157B5E88009B22C0 /* Sources */,
				6E926565157B5E88009B22C0 /* Frameworks */,
				6E926566157B5E88009B22C0 /* Resources */,
			);
			buildRules = (
			);
			dependencies = (
			);
			name = EGL_ios;
			productName = EGL_ios;
			productReference = 6E926568157B5E88009B22C0 /* EGL_ios.app */;
			productType = "com.apple.product-type.application";
		};
/* End PBXNativeTarget section */

/* Begin PBXProject section */
		6E92655F157B5E88009B22C0 /* Project object */ = {
			isa = PBXProject;
			attributes = {
				LastUpgradeCheck = 0430;
			};
			buildConfigurationList = 6E926562157B5E88009B22C0 /* Build configuration list for PBXProject "EGL_ios" */;
			compatibilityVersion = "Xcode 3.2";
			developmentRegion = English;
			hasScannedForEncodings = 0;
			knownRegions = (
				en,
			);
			mainGroup = 6E92655D157B5E88009B22C0;
			productRefGroup = 6E926569157B5E88009B22C0 /* Products */;
			projectDirPath = "";
			projectRoot = "";
			targets = (
				6E926567157B5E88009B22C0 /* EGL_ios */,
			);
		};
/* End PBXProject section */

/* Begin PBXResourcesBuildPhase section */
		6E926566157B5E88009B22C0 /* Resources */ = {
			isa = PBXResourcesBuildPhase;
			buildActionMask = 2147483647;
			files = (
				6E92658B157B5F75009B22C0 /* README in Resources */,
			);
			runOnlyForDeploymentPostprocessing = 0;
		};
/* End PBXResourcesBuildPhase section */

/* Begin PBXSourcesBuildPhase section */
		6E926564157B5E88009B22C0 /* Sources */ = {
			isa = PBXSourcesBuildPhase;
			buildActionMask = 2147483647;
			files = (
				6E92657D157B5E88009B22C0 /* AppDelegate.m in Sources */,
				6E92658A157B5F75009B22C0 /* egl.m in Sources */,
			);
			runOnlyForDeploymentPostprocessing = 0;
		};
/* End PBXSourcesBuildPhase section */

/* Begin XCBuildConfiguration section */
		6E92657E157B5E88009B22C0 /* Debug */ = {
			isa = XCBuildConfiguration;
			buildSettings = {
				ALWAYS_SEARCH_USER_PATHS = NO;
				ARCHS = "$(ARCHS_STANDARD_32_BIT)";
				"CODE_SIGN_IDENTITY[sdk=iphoneos*]" = "iPhone Developer";
				COPY_PHASE_STRIP = NO;
				GCC_C_LANGUAGE_STANDARD = gnu99;
				GCC_DYNAMIC_NO_PIC = NO;
				GCC_OPTIMIZATION_LEVEL = 0;
				GCC_PREPROCESSOR_DEFINITIONS = (
					"DEBUG=1",
					"$(inherited)",
				);
				GCC_SYMBOLS_PRIVATE_EXTERN = NO;
				GCC_VERSION = com.apple.compilers.llvm.clang.1_0;
				GCC_WARN_ABOUT_RETURN_TYPE = YES;
				GCC_WARN_UNINITIALIZED_AUTOS = YES;
				GCC_WARN_UNUSED_VARIABLE = YES;
				IPHONEOS_DEPLOYMENT_TARGET = 5.1;
				SDKROOT = iphoneos;
				TARGETED_DEVICE_FAMILY = "1,2";
			};
			name = Debug;
		};
		6E92657F157B5E88009B22C0 /* Release */ = {
			isa = XCBuildConfiguration;
			buildSettings = {
				ALWAYS_SEARCH_USER_PATHS = NO;
				ARCHS = "$(ARCHS_STANDARD_32_BIT)";
				"CODE_SIGN_IDENTITY[sdk=iphoneos*]" = "iPhone Developer";
				COPY_PHASE_STRIP = YES;
				GCC_C_LANGUAGE_STANDARD = gnu99;
				GCC_VERSION = com.apple.compilers.llvm.clang.1_0;
				GCC_WARN_ABOUT_RETURN_TYPE = YES;
				GCC_WARN_UNINITIALIZED_AUTOS = YES;
				GCC_WARN_UNUSED_VARIABLE = YES;
				IPHONEOS_DEPLOYMENT_TARGET = 5.1;
				OTHER_CFLAGS = "-DNS_BLOCK_ASSERTIONS=1";
				SDKROOT = iphoneos;
				TARGETED_DEVICE_FAMILY = "1,2";
				VALIDATE_PRODUCT = YES;
			};
			name = Release;
		};
		6E926581157B5E88009B22C0 /* Debug */ = {
			isa = XCBuildConfiguration;
			buildSettings = {
				GCC_PRECOMPILE_PREFIX_HEADER = YES;
				GCC_PREFIX_HEADER = "EGL_ios/EGL_ios-Prefix.pch";
				HEADER_SEARCH_PATHS = EGL_mac_ios/include;
				INFOPLIST_FILE = "EGL_ios/EGL_ios-Info.plist";
				PRODUCT_NAME = "$(TARGET_NAME)";
				WRAPPER_EXTENSION = app;
			};
			name = Debug;
		};
		6E926582157B5E88009B22C0 /* Release */ = {
			isa = XCBuildConfiguration;
			buildSettings = {
				GCC_PRECOMPILE_PREFIX_HEADER = YES;
				GCC_PREFIX_HEADER = "EGL_ios/EGL_ios-Prefix.pch";
				HEADER_SEARCH_PATHS = EGL_mac_ios/include;
				INFOPLIST_FILE = "EGL_ios/EGL_ios-Info.plist";
				PRODUCT_NAME = "$(TARGET_NAME)";
				WRAPPER_EXTENSION = app;
			};
			name = Release;
		};
/* End XCBuildConfiguration section */

/* Begin XCConfigurationList section */
		6E926562157B5E88009B22C0 /* Build configuration list for PBXProject "EGL_ios" */ = {
			isa = XCConfigurationList;
			buildConfigurations = (
				6E92657E157B5E88009B22C0 /* Debug */,
				6E92657F157B5E88009B22C0 /* Release */,
			);
			defaultConfigurationIsVisible = 0;
			defaultConfigurationName = Release;
		};
		6E926580157B5E88009B22C0 /* Build configuration list for PBXNativeTarget "EGL_ios" */ = {
			isa = XCConfigurationList;
			buildConfigurations = (
				6E926581157B5E88009B22C0 /* Debug */,
				6E926582157B5E88009B22C0 /* Release */,
			);
			defaultConfigurationIsVisible = 0;
		};
/* End XCConfigurationList section */
	};
	rootObject = 6E92655F157B5E88009B22C0 /* Project object */;
}
